
Microsoft Visual Studio Solution File, Format Version 12.00
# Visual Studio Version 16
VisualStudioVersion = 16.0.30517.126
MinimumVisualStudioVersion = 10.0.40219.1
Project("{FAE04EC0-301F-11D3-BF4B-00C04F79EFBC}") = "SimpleRESTService", "SimpleRESTService\SimpleRESTService.csproj", "{3589859A-6F39-4CD9-8723-8A86DB86BFE2}"
EndProject
Project("{FAE04EC0-301F-11D3-BF4B-00C04F79EFBC}") = "FanOutPutLibrary", "FanOutPutLibrary\FanOutPutLibrary.csproj", "{6B4537EF-49DF-4F7B-B030-75973071ACC5}"
EndProject
Global
	GlobalSection(SolutionConfigurationPlatforms) = preSolution
		Debug|Any CPU = Debug|Any CPU
		Release|Any CPU = Release|Any CPU
	EndGlobalSection
	GlobalSection(ProjectConfigurationPlatforms) = postSolution
		{3589859A-6F39-4CD9-8723-8A86DB86BFE2}.Debug|Any CPU.ActiveCfg = Debug|Any CPU
		{3589859A-6F39-4CD9-8723-8A86DB86BFE2}.Debug|Any CPU.Build.0 = Debug|Any CPU
		{3589859A-6F39-4CD9-8723-8A86DB86BFE2}.Release|Any CPU.ActiveCfg = Release|Any CPU
		{3589859A-6F39-4CD9-8723-8A86DB86BFE2}.Release|Any CPU.Build.0 = Release|Any CPU
		{6B4537EF-49DF-4F7B-B030-75973071ACC5}.Debug|Any CPU.ActiveCfg = Debug|Any CPU
		{6B4537EF-49DF-4F7B-B030-75973071ACC5}.Debug|Any CPU.Build.0 = Debug|Any CPU
		{6B4537EF-49DF-4F7B-B030-75973071ACC5}.Release|Any CPU.ActiveCfg = Release|Any CPU
		{6B4537EF-49DF-4F7B-B030-75973071ACC5}.Release|Any CPU.Build.0 = Release|Any CPU
	EndGlobalSection
	GlobalSection(SolutionProperties) = preSolution
		HideSolutionNode = FALSE
	EndGlobalSection
	GlobalSection(ExtensibilityGlobals) = postSolution
		SolutionGuid = {1377B1A8-3A02-49FF-9A02-BEF30D562B91}
	EndGlobalSection
EndGlobal
